{
  "name": "Skillssio_Skills-Lab_backend",
  "lockfileVersion": 2,
  "requires": true,
  "packages": {
    "": {
      "dependencies": {
        "express-async-handler": "^1.1.4"
      }
    },
    "node_modules/express-async-handler": {
      "version": "1.1.4",
      "resolved": "https://registry.npmjs.org/express-async-handler/-/express-async-handler-1.1.4.tgz",
      "integrity": "sha512-HdmbVF4V4w1q/iz++RV7bUxIeepTukWewiJGkoCKQMtvPF11MLTa7It9PRc/reysXXZSEyD4Pthchju+IUbMiQ=="
    }
  },
  "dependencies": {
    "express-async-handler": {
      "version": "1.1.4",
      "resolved": "https://registry.npmjs.org/express-async-handler/-/express-async-handler-1.1.4.tgz",
      "integrity": "sha512-HdmbVF4V4w1q/iz++RV7bUxIeepTukWewiJGkoCKQMtvPF11MLTa7It9PRc/reysXXZSEyD4Pthchju+IUbMiQ=="
    }
  }
}
